{
  "name": "fluid_void_new",
  "version": "1.0.0",
  "lockfileVersion": 3,
  "requires": true,
  "packages": {
    "": {
      "name": "fluid_void_new",
      "version": "1.0.0",
      "license": "ISC",
      "dependencies": {
        "factoriomod-debug": "^2.1.3"
      }
    },
    "node_modules/factoriomod-debug": {
      "version": "2.1.3",
      "resolved": "https://registry.npmjs.org/factoriomod-debug/-/factoriomod-debug-2.1.3.tgz",
      "integrity": "sha512-dUiYiN7EGV1GOJTZq/K9qZW5BnsdD6evAe3MaSHnWik+ib9MZnchhxJzkO0tzhryhLRLCYQJjy8lMHvWHemQ2A==",
      "license": "MIT",
      "bin": {
        "factoriomod-debug": "dist/fmtk-cli.js",
        "fmtk": "dist/fmtk-cli.js"
      },
      "engines": {
        "node": ">=22.7.0",
        "vscode": "^1.116.0"
      }
    }
  }
}
